
Microsoft Visual Studio Solution File, Format Version 12.00
# Visual Studio Version 17
VisualStudioVersion = 17.8.34330.188
MinimumVisualStudioVersion = 10.0.40219.1
Project("{FAE04EC0-301F-11D3-BF4B-00C04F79EFBC}") = "phase-4PraProject", "phase-4PraProject\phase-4PraProject.csproj", "{8C5E9365-5C54-4AC5-992F-1BF0F0DE8970}"
EndProject
Project("{FAE04EC0-301F-11D3-BF4B-00C04F79EFBC}") = "Phase-4PraProTest", "Phase-4PraProTest\Phase-4PraProTest.csproj", "{259D18F6-15C6-428C-A858-A4EE0FD9DDE8}"
EndProject
Global
	GlobalSection(SolutionConfigurationPlatforms) = preSolution
		Debug|Any CPU = Debug|Any CPU
		Release|Any CPU = Release|Any CPU
	EndGlobalSection
	GlobalSection(ProjectConfigurationPlatforms) = postSolution
		{8C5E9365-5C54-4AC5-992F-1BF0F0DE8970}.Debug|Any CPU.ActiveCfg = Debug|Any CPU
		{8C5E9365-5C54-4AC5-992F-1BF0F0DE8970}.Debug|Any CPU.Build.0 = Debug|Any CPU
		{8C5E9365-5C54-4AC5-992F-1BF0F0DE8970}.Release|Any CPU.ActiveCfg = Release|Any CPU
		{8C5E9365-5C54-4AC5-992F-1BF0F0DE8970}.Release|Any CPU.Build.0 = Release|Any CPU
		{259D18F6-15C6-428C-A858-A4EE0FD9DDE8}.Debug|Any CPU.ActiveCfg = Debug|Any CPU
		{259D18F6-15C6-428C-A858-A4EE0FD9DDE8}.Debug|Any CPU.Build.0 = Debug|Any CPU
		{259D18F6-15C6-428C-A858-A4EE0FD9DDE8}.Release|Any CPU.ActiveCfg = Release|Any CPU
		{259D18F6-15C6-428C-A858-A4EE0FD9DDE8}.Release|Any CPU.Build.0 = Release|Any CPU
	EndGlobalSection
	GlobalSection(SolutionProperties) = preSolution
		HideSolutionNode = FALSE
	EndGlobalSection
	GlobalSection(ExtensibilityGlobals) = postSolution
		SolutionGuid = {7022FF5D-2F2D-4E8F-81B8-3D7D864A7871}
	EndGlobalSection
EndGlobal
